
Microsoft Visual Studio Solution File, Format Version 12.00
# Visual Studio Version 16
VisualStudioVersion = 16.0.31205.134
MinimumVisualStudioVersion = 10.0.40219.1
Project("{FAE04EC0-301F-11D3-BF4B-00C04F79EFBC}") = "Wizkids Test", "Wizkids Test\Wizkids Test.csproj", "{27D4903C-9BCA-4318-A303-7905F69BA86D}"
EndProject
Project("{FAE04EC0-301F-11D3-BF4B-00C04F79EFBC}") = "UnitTests", "UnitTests\UnitTests.csproj", "{6616BB59-E749-4ECD-840A-AB277ED128F8}"
EndProject
Global
	GlobalSection(SolutionConfigurationPlatforms) = preSolution
		Debug|Any CPU = Debug|Any CPU
		Debug|x64 = Debug|x64
		Release|Any CPU = Release|Any CPU
		Release|x64 = Release|x64
	EndGlobalSection
	GlobalSection(ProjectConfigurationPlatforms) = postSolution
		{27D4903C-9BCA-4318-A303-7905F69BA86D}.Debug|Any CPU.ActiveCfg = Debug|Any CPU
		{27D4903C-9BCA-4318-A303-7905F69BA86D}.Debug|Any CPU.Build.0 = Debug|Any CPU
		{27D4903C-9BCA-4318-A303-7905F69BA86D}.Debug|x64.ActiveCfg = Debug|x64
		{27D4903C-9BCA-4318-A303-7905F69BA86D}.Debug|x64.Build.0 = Debug|x64
		{27D4903C-9BCA-4318-A303-7905F69BA86D}.Release|Any CPU.ActiveCfg = Release|Any CPU
		{27D4903C-9BCA-4318-A303-7905F69BA86D}.Release|Any CPU.Build.0 = Release|Any CPU
		{27D4903C-9BCA-4318-A303-7905F69BA86D}.Release|x64.ActiveCfg = Release|x64
		{27D4903C-9BCA-4318-A303-7905F69BA86D}.Release|x64.Build.0 = Release|x64
		{6616BB59-E749-4ECD-840A-AB277ED128F8}.Debug|Any CPU.ActiveCfg = Debug|Any CPU
		{6616BB59-E749-4ECD-840A-AB277ED128F8}.Debug|Any CPU.Build.0 = Debug|Any CPU
		{6616BB59-E749-4ECD-840A-AB277ED128F8}.Debug|x64.ActiveCfg = Debug|x64
		{6616BB59-E749-4ECD-840A-AB277ED128F8}.Debug|x64.Build.0 = Debug|x64
		{6616BB59-E749-4ECD-840A-AB277ED128F8}.Release|Any CPU.ActiveCfg = Release|Any CPU
		{6616BB59-E749-4ECD-840A-AB277ED128F8}.Release|Any CPU.Build.0 = Release|Any CPU
		{6616BB59-E749-4ECD-840A-AB277ED128F8}.Release|x64.ActiveCfg = Release|x64
		{6616BB59-E749-4ECD-840A-AB277ED128F8}.Release|x64.Build.0 = Release|x64
	EndGlobalSection
	GlobalSection(SolutionProperties) = preSolution
		HideSolutionNode = FALSE
	EndGlobalSection
	GlobalSection(ExtensibilityGlobals) = postSolution
		SolutionGuid = {E678A26D-8E93-473F-9F49-EBB21E23D782}
	EndGlobalSection
EndGlobal
